
Microsoft Visual Studio Solution File, Format Version 12.00
# Visual Studio Version 17
VisualStudioVersion = 17.7.34031.279
MinimumVisualStudioVersion = 10.0.40219.1
Project("{FAE04EC0-301F-11D3-BF4B-00C04F79EFBC}") = "Vendas", "Vendas\Vendas.csproj", "{F381EE90-15E8-4085-83D6-6C0C5F55080A}"
EndProject
Global
	GlobalSection(SolutionConfigurationPlatforms) = preSolution
		Debug|Any CPU = Debug|Any CPU
		Release|Any CPU = Release|Any CPU
	EndGlobalSection
	GlobalSection(ProjectConfigurationPlatforms) = postSolution
		{F381EE90-15E8-4085-83D6-6C0C5F55080A}.Debug|Any CPU.ActiveCfg = Debug|Any CPU
		{F381EE90-15E8-4085-83D6-6C0C5F55080A}.Debug|Any CPU.Build.0 = Debug|Any CPU
		{F381EE90-15E8-4085-83D6-6C0C5F55080A}.Release|Any CPU.ActiveCfg = Release|Any CPU
		{F381EE90-15E8-4085-83D6-6C0C5F55080A}.Release|Any CPU.Build.0 = Release|Any CPU
	EndGlobalSection
	GlobalSection(SolutionProperties) = preSolution
		HideSolutionNode = FALSE
	EndGlobalSection
	GlobalSection(ExtensibilityGlobals) = postSolution
		SolutionGuid = {56BB3CB7-3D5E-41E7-B52B-DF3497200DEA}
	EndGlobalSection
EndGlobal
